// !$*UTF8*$!
{
	archiveVersion = 1;
	classes = {
	};
	objectVersion = 46;
	objects = {

/* Begin PBXBuildFile section */
		D3FEC57A1ADC1B740035F6F3 /* AppDelegate.m in Sources */ = {isa = PBXBuildFile; fileRef = D3FEC5791ADC1B740035F6F3 /* AppDelegate.m */; };
		D3FEC57C1ADC1B740035F6F3 /* main.m in Sources */ = {isa = PBXBuildFile; fileRef = D3FEC57B1ADC1B740035F6F3 /* main.m */; };
		D3FEC57E1ADC1B740035F6F3 /* Images.xcassets in Resources */ = {isa = PBXBuildFile; fileRef = D3FEC57D1ADC1B740035F6F3 /* Images.xcassets */; };
		D3FEC5811ADC1B740035F6F3 /* MainMenu.xib in Resources */ = {isa = PBXBuildFile; fileRef = D3FEC57F1ADC1B740035F6F3 /* MainMenu.xib */; };
		D3FEC58D1ADC1B740035F6F3 /* SomaFMTests.m in Sources */ = {isa = PBXBuildFile; fileRef = D3FEC58C1ADC1B740035F6F3 /* SomaFMTests.m */; };
		D3FEC5981ADC32E00035F6F3 /* AppleMediaKeyController.m in Sources */ = {isa = PBXBuildFile; fileRef = D3FEC5971ADC32E00035F6F3 /* AppleMediaKeyController.m */; settings = {COMPILER_FLAGS = "-fno-objc-arc"; }; };
		D3FEC5A51ADF6DAB0035F6F3 /* rounded_7soul120.png in Resources */ = {isa = PBXBuildFile; fileRef = D3FEC59C1ADF6DAB0035F6F3 /* rounded_7soul120.png */; };
		D3FEC5A61ADF6DAB0035F6F3 /* rounded_deepspaceone120.png in Resources */ = {isa = PBXBuildFile; fileRef = D3FEC59D1ADF6DAB0035F6F3 /* rounded_deepspaceone120.png */; };
		D3FEC5A71ADF6DAB0035F6F3 /* rounded_defcon120.png in Resources */ = {isa = PBXBuildFile; fileRef = D3FEC59E1ADF6DAB0035F6F3 /* rounded_defcon120.png */; };
		D3FEC5A81ADF6DAB0035F6F3 /* rounded_dronezone120.png in Resources */ = {isa = PBXBuildFile; fileRef = D3FEC59F1ADF6DAB0035F6F3 /* rounded_dronezone120.png */; };
		D3FEC5A91ADF6DAB0035F6F3 /* rounded_lush-x120.png in Resources */ = {isa = PBXBuildFile; fileRef = D3FEC5A01ADF6DAB0035F6F3 /* rounded_lush-x120.png */; };
		D3FEC5AA1ADF6DAB0035F6F3 /* rounded_poptron120.png in Resources */ = {isa = PBXBuildFile; fileRef = D3FEC5A11ADF6DAB0035F6F3 /* rounded_poptron120.png */; };
		D3FEC5AB1ADF6DAB0035F6F3 /* rounded_sf1033120.png in Resources */ = {isa = PBXBuildFile; fileRef = D3FEC5A21ADF6DAB0035F6F3 /* rounded_sf1033120.png */; };
		D3FEC5AC1ADF6DAB0035F6F3 /* rounded_sog120.png in Resources */ = {isa = PBXBuildFile; fileRef = D3FEC5A31ADF6DAB0035F6F3 /* rounded_sog120.png */; };
		D3FEC5AD1ADF6DAB0035F6F3 /* rounded_u80s-120.png in Resources */ = {isa = PBXBuildFile; fileRef = D3FEC5A41ADF6DAB0035F6F3 /* rounded_u80s-120.png */; };
/* End PBXBuildFile section */

/* Begin PBXContainerItemProxy section */
		D3FEC5871ADC1B740035F6F3 /* PBXContainerItemProxy */ = {
			isa = PBXContainerItemProxy;
			containerPortal = D3FEC56B1ADC1B740035F6F3 /* Project object */;
			proxyType = 1;
			remoteGlobalIDString = D3FEC5721ADC1B740035F6F3;
			remoteInfo = SomaFM;
		};
/* End PBXContainerItemProxy section */

/* Begin PBXFileReference section */
		D3FEC5731ADC1B740035F6F3 /* SomaFM.app */ = {isa = PBXFileReference; explicitFileType = wrapper.application; includeInIndex = 0; path = SomaFM.app; sourceTree = BUILT_PRODUCTS_DIR; };
		D3FEC5771ADC1B740035F6F3 /* Info.plist */ = {isa = PBXFileReference; lastKnownFileType = text.plist.xml; path = Info.plist; sourceTree = "<group>"; };
		D3FEC5781ADC1B740035F6F3 /* AppDelegate.h */ = {isa = PBXFileReference; lastKnownFileType = sourcecode.c.h; path = AppDelegate.h; sourceTree = "<group>"; };
		D3FEC5791ADC1B740035F6F3 /* AppDelegate.m */ = {isa = PBXFileReference; lastKnownFileType = sourcecode.c.objc; path = AppDelegate.m; sourceTree = "<group>"; };
		D3FEC57B1ADC1B740035F6F3 /* main.m */ = {isa = PBXFileReference; lastKnownFileType = sourcecode.c.objc; path = main.m; sourceTree = "<group>"; };
		D3FEC57D1ADC1B740035F6F3 /* Images.xcassets */ = {isa = PBXFileReference; lastKnownFileType = folder.assetcatalog; path = Images.xcassets; sourceTree = "<group>"; };
		D3FEC5801ADC1B740035F6F3 /* Base */ = {isa = PBXFileReference; lastKnownFileType = file.xib; name = Base; path = Base.lproj/MainMenu.xib; sourceTree = "<group>"; };
		D3FEC5861ADC1B740035F6F3 /* SomaFMTests.xctest */ = {isa = PBXFileReference; explicitFileType = wrapper.cfbundle; includeInIndex = 0; path = SomaFMTests.xctest; sourceTree = BUILT_PRODUCTS_DIR; };
		D3FEC58B1ADC1B740035F6F3 /* Info.plist */ = {isa = PBXFileReference; lastKnownFileType = text.plist.xml; path = Info.plist; sourceTree = "<group>"; };
		D3FEC58C1ADC1B740035F6F3 /* SomaFMTests.m */ = {isa = PBXFileReference; lastKnownFileType = sourcecode.c.objc; path = SomaFMTests.m; sourceTree = "<group>"; };
		D3FEC5961ADC32E00035F6F3 /* AppleMediaKeyController.h */ = {isa = PBXFileReference; fileEncoding = 4; lastKnownFileType = sourcecode.c.h; path = AppleMediaKeyController.h; sourceTree = "<group>"; };
		D3FEC5971ADC32E00035F6F3 /* AppleMediaKeyController.m */ = {isa = PBXFileReference; fileEncoding = 4; lastKnownFileType = sourcecode.c.objc; path = AppleMediaKeyController.m; sourceTree = "<group>"; };
		D3FEC59C1ADF6DAB0035F6F3 /* rounded_7soul120.png */ = {isa = PBXFileReference; lastKnownFileType = image.png; path = rounded_7soul120.png; sourceTree = "<group>"; };
		D3FEC59D1ADF6DAB0035F6F3 /* rounded_deepspaceone120.png */ = {isa = PBXFileReference; lastKnownFileType = image.png; path = rounded_deepspaceone120.png; sourceTree = "<group>"; };
		D3FEC59E1ADF6DAB0035F6F3 /* rounded_defcon120.png */ = {isa = PBXFileReference; lastKnownFileType = image.png; path = rounded_defcon120.png; sourceTree = "<group>"; };
		D3FEC59F1ADF6DAB0035F6F3 /* rounded_dronezone120.png */ = {isa = PBXFileReference; lastKnownFileType = image.png; path = rounded_dronezone120.png; sourceTree = "<group>"; };
		D3FEC5A01ADF6DAB0035F6F3 /* rounded_lush-x120.png */ = {isa = PBXFileReference; lastKnownFileType = image.png; path = "rounded_lush-x120.png"; sourceTree = "<group>"; };
		D3FEC5A11ADF6DAB0035F6F3 /* rounded_poptron120.png */ = {isa = PBXFileReference; lastKnownFileType = image.png; path = rounded_poptron120.png; sourceTree = "<group>"; };
		D3FEC5A21ADF6DAB0035F6F3 /* rounded_sf1033120.png */ = {isa = PBXFileReference; lastKnownFileType = image.png; path = rounded_sf1033120.png; sourceTree = "<group>"; };
		D3FEC5A31ADF6DAB0035F6F3 /* rounded_sog120.png */ = {isa = PBXFileReference; lastKnownFileType = image.png; path = rounded_sog120.png; sourceTree = "<group>"; };
		D3FEC5A41ADF6DAB0035F6F3 /* rounded_u80s-120.png */ = {isa = PBXFileReference; lastKnownFileType = image.png; path = "rounded_u80s-120.png"; sourceTree = "<group>"; };
/* End PBXFileReference section */

/* Begin PBXFrameworksBuildPhase section */
		D3FEC5701ADC1B740035F6F3 /* Frameworks */ = {
			isa = PBXFrameworksBuildPhase;
			buildActionMask = 2147483647;
			files = (
			);
			runOnlyForDeploymentPostprocessing = 0;
		};
		D3FEC5831ADC1B740035F6F3 /* Frameworks */ = {
			isa = PBXFrameworksBuildPhase;
			buildActionMask = 2147483647;
			files = (
			);
			runOnlyForDeploymentPostprocessing = 0;
		};
/* End PBXFrameworksBuildPhase section */

/* Begin PBXGroup section */
		D3FEC56A1ADC1B740035F6F3 = {
			isa = PBXGroup;
			children = (
				D3FEC5751ADC1B740035F6F3 /* SomaFM */,
				D3FEC5891ADC1B740035F6F3 /* SomaFMTests */,
				D3FEC5741ADC1B740035F6F3 /* Products */,
			);
			sourceTree = "<group>";
		};
		D3FEC5741ADC1B740035F6F3 /* Products */ = {
			isa = PBXGroup;
			children = (
				D3FEC5731ADC1B740035F6F3 /* SomaFM.app */,
				D3FEC5861ADC1B740035F6F3 /* SomaFMTests.xctest */,
			);
			name = Products;
			sourceTree = "<group>";
		};
		D3FEC5751ADC1B740035F6F3 /* SomaFM */ = {
			isa = PBXGroup;
			children = (
				D3FEC5991ADF55910035F6F3 /* Resources */,
				D3FEC5961ADC32E00035F6F3 /* AppleMediaKeyController.h */,
				D3FEC5971ADC32E00035F6F3 /* AppleMediaKeyController.m */,
				D3FEC5781ADC1B740035F6F3 /* AppDelegate.h */,
				D3FEC5791ADC1B740035F6F3 /* AppDelegate.m */,
				D3FEC57D1ADC1B740035F6F3 /* Images.xcassets */,
				D3FEC57F1ADC1B740035F6F3 /* MainMenu.xib */,
				D3FEC5761ADC1B740035F6F3 /* Supporting Files */,
			);
			path = SomaFM;
			sourceTree = "<group>";
		};
		D3FEC5761ADC1B740035F6F3 /* Supporting Files */ = {
			isa = PBXGroup;
			children = (
				D3FEC5771ADC1B740035F6F3 /* Info.plist */,
				D3FEC57B1ADC1B740035F6F3 /* main.m */,
			);
			name = "Supporting Files";
			sourceTree = "<group>";
		};
		D3FEC5891ADC1B740035F6F3 /* SomaFMTests */ = {
			isa = PBXGroup;
			children = (
				D3FEC58C1ADC1B740035F6F3 /* SomaFMTests.m */,
				D3FEC58A1ADC1B740035F6F3 /* Supporting Files */,
			);
			path = SomaFMTests;
			sourceTree = "<group>";
		};
		D3FEC58A1ADC1B740035F6F3 /* Supporting Files */ = {
			isa = PBXGroup;
			children = (
				D3FEC58B1ADC1B740035F6F3 /* Info.plist */,
			);
			name = "Supporting Files";
			sourceTree = "<group>";
		};
		D3FEC5991ADF55910035F6F3 /* Resources */ = {
			isa = PBXGroup;
			children = (
				D3FEC59C1ADF6DAB0035F6F3 /* rounded_7soul120.png */,
				D3FEC59D1ADF6DAB0035F6F3 /* rounded_deepspaceone120.png */,
				D3FEC59E1ADF6DAB0035F6F3 /* rounded_defcon120.png */,
				D3FEC59F1ADF6DAB0035F6F3 /* rounded_dronezone120.png */,
				D3FEC5A01ADF6DAB0035F6F3 /* rounded_lush-x120.png */,
				D3FEC5A11ADF6DAB0035F6F3 /* rounded_poptron120.png */,
				D3FEC5A21ADF6DAB0035F6F3 /* rounded_sf1033120.png */,
				D3FEC5A31ADF6DAB0035F6F3 /* rounded_sog120.png */,
				D3FEC5A41ADF6DAB0035F6F3 /* rounded_u80s-120.png */,
			);
			name = Resources;
			sourceTree = "<group>";
		};
/* End PBXGroup section */

/* Begin PBXNativeTarget section */
		D3FEC5721ADC1B740035F6F3 /* SomaFM */ = {
			isa = PBXNativeTarget;
			buildConfigurationList = D3FEC5901ADC1B740035F6F3 /* Build configuration list for PBXNativeTarget "SomaFM" */;
			buildPhases = (
				D3FEC56F1ADC1B740035F6F3 /* Sources */,
				D3FEC5701ADC1B740035F6F3 /* Frameworks */,
				D3FEC5711ADC1B740035F6F3 /* Resources */,
			);
			buildRules = (
			);
			dependencies = (
			);
			name = SomaFM;
			productName = SomaFM;
			productReference = D3FEC5731ADC1B740035F6F3 /* SomaFM.app */;
			productType = "com.apple.product-type.application";
		};
		D3FEC5851ADC1B740035F6F3 /* SomaFMTests */ = {
			isa = PBXNativeTarget;
			buildConfigurationList = D3FEC5931ADC1B740035F6F3 /* Build configuration list for PBXNativeTarget "SomaFMTests" */;
			buildPhases = (
				D3FEC5821ADC1B740035F6F3 /* Sources */,
				D3FEC5831ADC1B740035F6F3 /* Frameworks */,
				D3FEC5841ADC1B740035F6F3 /* Resources */,
			);
			buildRules = (
			);
			dependencies = (
				D3FEC5881ADC1B740035F6F3 /* PBXTargetDependency */,
			);
			name = SomaFMTests;
			productName = SomaFMTests;
			productReference = D3FEC5861ADC1B740035F6F3 /* SomaFMTests.xctest */;
			productType = "com.apple.product-type.bundle.unit-test";
		};
/* End PBXNativeTarget section */

/* Begin PBXProject section */
		D3FEC56B1ADC1B740035F6F3 /* Project object */ = {
			isa = PBXProject;
			attributes = {
				LastUpgradeCheck = 0630;
				ORGANIZATIONNAME = Polytopes;
				TargetAttributes = {
					D3FEC5721ADC1B740035F6F3 = {
						CreatedOnToolsVersion = 6.3;
					};
					D3FEC5851ADC1B740035F6F3 = {
						CreatedOnToolsVersion = 6.3;
						TestTargetID = D3FEC5721ADC1B740035F6F3;
					};
				};
			};
			buildConfigurationList = D3FEC56E1ADC1B740035F6F3 /* Build configuration list for PBXProject "SomaFM" */;
			compatibilityVersion = "Xcode 3.2";
			developmentRegion = English;
			hasScannedForEncodings = 0;
			knownRegions = (
				en,
				Base,
			);
			mainGroup = D3FEC56A1ADC1B740035F6F3;
			productRefGroup = D3FEC5741ADC1B740035F6F3 /* Products */;
			projectDirPath = "";
			projectRoot = "";
			targets = (
				D3FEC5721ADC1B740035F6F3 /* SomaFM */,
				D3FEC5851ADC1B740035F6F3 /* SomaFMTests */,
			);
		};
/* End PBXProject section */

/* Begin PBXResourcesBuildPhase section */
		D3FEC5711ADC1B740035F6F3 /* Resources */ = {
			isa = PBXResourcesBuildPhase;
			buildActionMask = 2147483647;
			files = (
				D3FEC5A81ADF6DAB0035F6F3 /* rounded_dronezone120.png in Resources */,
				D3FEC5AC1ADF6DAB0035F6F3 /* rounded_sog120.png in Resources */,
				D3FEC57E1ADC1B740035F6F3 /* Images.xcassets in Resources */,
				D3FEC5A91ADF6DAB0035F6F3 /* rounded_lush-x120.png in Resources */,
				D3FEC5AD1ADF6DAB0035F6F3 /* rounded_u80s-120.png in Resources */,
				D3FEC5A61ADF6DAB0035F6F3 /* rounded_deepspaceone120.png in Resources */,
				D3FEC5A71ADF6DAB0035F6F3 /* rounded_defcon120.png in Resources */,
				D3FEC5AB1ADF6DAB0035F6F3 /* rounded_sf1033120.png in Resources */,
				D3FEC5811ADC1B740035F6F3 /* MainMenu.xib in Resources */,
				D3FEC5AA1ADF6DAB0035F6F3 /* rounded_poptron120.png in Resources */,
				D3FEC5A51ADF6DAB0035F6F3 /* rounded_7soul120.png in Resources */,
			);
			runOnlyForDeploymentPostprocessing = 0;
		};
		D3FEC5841ADC1B740035F6F3 /* Resources */ = {
			isa = PBXResourcesBuildPhase;
			buildActionMask = 2147483647;
			files = (
			);
			runOnlyForDeploymentPostprocessing = 0;
		};
/* End PBXResourcesBuildPhase section */

/* Begin PBXSourcesBuildPhase section */
		D3FEC56F1ADC1B740035F6F3 /* Sources */ = {
			isa = PBXSourcesBuildPhase;
			buildActionMask = 2147483647;
			files = (
				D3FEC57C1ADC1B740035F6F3 /* main.m in Sources */,
				D3FEC5981ADC32E00035F6F3 /* AppleMediaKeyController.m in Sources */,
				D3FEC57A1ADC1B740035F6F3 /* AppDelegate.m in Sources */,
			);
			runOnlyForDeploymentPostprocessing = 0;
		};
		D3FEC5821ADC1B740035F6F3 /* Sources */ = {
			isa = PBXSourcesBuildPhase;
			buildActionMask = 2147483647;
			files = (
				D3FEC58D1ADC1B740035F6F3 /* SomaFMTests.m in Sources */,
			);
			runOnlyForDeploymentPostprocessing = 0;
		};
/* End PBXSourcesBuildPhase section */

/* Begin PBXTargetDependency section */
		D3FEC5881ADC1B740035F6F3 /* PBXTargetDependency */ = {
			isa = PBXTargetDependency;
			target = D3FEC5721ADC1B740035F6F3 /* SomaFM */;
			targetProxy = D3FEC5871ADC1B740035F6F3 /* PBXContainerItemProxy */;
		};
/* End PBXTargetDependency section */

/* Begin PBXVariantGroup section */
		D3FEC57F1ADC1B740035F6F3 /* MainMenu.xib */ = {
			isa = PBXVariantGroup;
			children = (
				D3FEC5801ADC1B740035F6F3 /* Base */,
			);
			name = MainMenu.xib;
			sourceTree = "<group>";
		};
/* End PBXVariantGroup section */

/* Begin XCBuildConfiguration section */
		D3FEC58E1ADC1B740035F6F3 /* Debug */ = {
			isa = XCBuildConfiguration;
			buildSettings = {
				ALWAYS_SEARCH_USER_PATHS = NO;
				CLANG_CXX_LANGUAGE_STANDARD = "gnu++0x";
				CLANG_CXX_LIBRARY = "libc++";
				CLANG_ENABLE_MODULES = YES;
				CLANG_ENABLE_OBJC_ARC = YES;
				CLANG_WARN_BOOL_CONVERSION = YES;
				CLANG_WARN_CONSTANT_CONVERSION = YES;
				CLANG_WARN_DIRECT_OBJC_ISA_USAGE = YES_ERROR;
				CLANG_WARN_EMPTY_BODY = YES;
				CLANG_WARN_ENUM_CONVERSION = YES;
				CLANG_WARN_INT_CONVERSION = YES;
				CLANG_WARN_OBJC_ROOT_CLASS = YES_ERROR;
				CLANG_WARN_UNREACHABLE_CODE = YES;
				CLANG_WARN__DUPLICATE_METHOD_MATCH = YES;
				CODE_SIGN_IDENTITY = "-";
				COPY_PHASE_STRIP = NO;
				DEBUG_INFORMATION_FORMAT = dwarf;
				ENABLE_STRICT_OBJC_MSGSEND = YES;
				GCC_C_LANGUAGE_STANDARD = gnu99;
				GCC_DYNAMIC_NO_PIC = NO;
				GCC_NO_COMMON_BLOCKS = YES;
				GCC_OPTIMIZATION_LEVEL = 0;
				GCC_PREPROCESSOR_DEFINITIONS = (
					"DEBUG=1",
					"$(inherited)",
				);
				GCC_SYMBOLS_PRIVATE_EXTERN = NO;
				GCC_WARN_64_TO_32_BIT_CONVERSION = YES;
				GCC_WARN_ABOUT_RETURN_TYPE = YES_ERROR;
				GCC_WARN_UNDECLARED_SELECTOR = YES;
				GCC_WARN_UNINITIALIZED_AUTOS = YES_AGGRESSIVE;
				GCC_WARN_UNUSED_FUNCTION = YES;
				GCC_WARN_UNUSED_VARIABLE = YES;
				MACOSX_DEPLOYMENT_TARGET = 10.10;
				MTL_ENABLE_DEBUG_INFO = YES;
				ONLY_ACTIVE_ARCH = YES;
				SDKROOT = macosx;
			};
			name = Debug;
		};
		D3FEC58F1ADC1B740035F6F3 /* Release */ = {
			isa = XCBuildConfiguration;
			buildSettings = {
				ALWAYS_SEARCH_USER_PATHS = NO;
				CLANG_CXX_LANGUAGE_STANDARD = "gnu++0x";
				CLANG_CXX_LIBRARY = "libc++";
				CLANG_ENABLE_MODULES = YES;
				CLANG_ENABLE_OBJC_ARC = YES;
				CLANG_WARN_BOOL_CONVERSION = YES;
				CLANG_WARN_CONSTANT_CONVERSION = YES;
				CLANG_WARN_DIRECT_OBJC_ISA_USAGE = YES_ERROR;
				CLANG_WARN_EMPTY_BODY = YES;
				CLANG_WARN_ENUM_CONVERSION = YES;
				CLANG_WARN_INT_CONVERSION = YES;
				CLANG_WARN_OBJC_ROOT_CLASS = YES_ERROR;
				CLANG_WARN_UNREACHABLE_CODE = YES;
				CLANG_WARN__DUPLICATE_METHOD_MATCH = YES;
				CODE_SIGN_IDENTITY = "-";
				COPY_PHASE_STRIP = NO;
				DEBUG_INFORMATION_FORMAT = "dwarf-with-dsym";
				ENABLE_NS_ASSERTIONS = NO;
				ENABLE_STRICT_OBJC_MSGSEND = YES;
				GCC_C_LANGUAGE_STANDARD = gnu99;
				GCC_NO_COMMON_BLOCKS = YES;
				GCC_WARN_64_TO_32_BIT_CONVERSION = YES;
				GCC_WARN_ABOUT_RETURN_TYPE = YES_ERROR;
				GCC_WARN_UNDECLARED_SELECTOR = YES;
				GCC_WARN_UNINITIALIZED_AUTOS = YES_AGGRESSIVE;
				GCC_WARN_UNUSED_FUNCTION = YES;
				GCC_WARN_UNUSED_VARIABLE = YES;
				MACOSX_DEPLOYMENT_TARGET = 10.10;
				MTL_ENABLE_DEBUG_INFO = NO;
				SDKROOT = macosx;
			};
			name = Release;
		};
		D3FEC5911ADC1B740035F6F3 /* Debug */ = {
			isa = XCBuildConfiguration;
			buildSettings = {
				ASSETCATALOG_COMPILER_APPICON_NAME = AppIcon;
				COMBINE_HIDPI_IMAGES = YES;
				INFOPLIST_FILE = SomaFM/Info.plist;
				LD_RUNPATH_SEARCH_PATHS = "$(inherited) @executable_path/../Frameworks";
				PRODUCT_NAME = "$(TARGET_NAME)";
			};
			name = Debug;
		};
		D3FEC5921ADC1B740035F6F3 /* Release */ = {
			isa = XCBuildConfiguration;
			buildSettings = {
				ASSETCATALOG_COMPILER_APPICON_NAME = AppIcon;
				COMBINE_HIDPI_IMAGES = YES;
				INFOPLIST_FILE = SomaFM/Info.plist;
				LD_RUNPATH_SEARCH_PATHS = "$(inherited) @executable_path/../Frameworks";
				PRODUCT_NAME = "$(TARGET_NAME)";
			};
			name = Release;
		};
		D3FEC5941ADC1B740035F6F3 /* Debug */ = {
			isa = XCBuildConfiguration;
			buildSettings = {
				BUNDLE_LOADER = "$(TEST_HOST)";
				COMBINE_HIDPI_IMAGES = YES;
				FRAMEWORK_SEARCH_PATHS = (
					"$(DEVELOPER_FRAMEWORKS_DIR)",
					"$(inherited)",
				);
				GCC_PREPROCESSOR_DEFINITIONS = (
					"DEBUG=1",
					"$(inherited)",
				);
				INFOPLIST_FILE = SomaFMTests/Info.plist;
				LD_RUNPATH_SEARCH_PATHS = "$(inherited) @executable_path/../Frameworks @loader_path/../Frameworks";
				PRODUCT_NAME = "$(TARGET_NAME)";
				TEST_HOST = "$(BUILT_PRODUCTS_DIR)/SomaFM.app/Contents/MacOS/SomaFM";
			};
			name = Debug;
		};
		D3FEC5951ADC1B740035F6F3 /* Release */ = {
			isa = XCBuildConfiguration;
			buildSettings = {
				BUNDLE_LOADER = "$(TEST_HOST)";
				COMBINE_HIDPI_IMAGES = YES;
				FRAMEWORK_SEARCH_PATHS = (
					"$(DEVELOPER_FRAMEWORKS_DIR)",
					"$(inherited)",
				);
				INFOPLIST_FILE = SomaFMTests/Info.plist;
				LD_RUNPATH_SEARCH_PATHS = "$(inherited) @executable_path/../Frameworks @loader_path/../Frameworks";
				PRODUCT_NAME = "$(TARGET_NAME)";
				TEST_HOST = "$(BUILT_PRODUCTS_DIR)/SomaFM.app/Contents/MacOS/SomaFM";
			};
			name = Release;
		};
/* End XCBuildConfiguration section */

/* Begin XCConfigurationList section */
		D3FEC56E1ADC1B740035F6F3 /* Build configuration list for PBXProject "SomaFM" */ = {
			isa = XCConfigurationList;
			buildConfigurations = (
				D3FEC58E1ADC1B740035F6F3 /* Debug */,
				D3FEC58F1ADC1B740035F6F3 /* Release */,
			);
			defaultConfigurationIsVisible = 0;
			defaultConfigurationName = Release;
		};
		D3FEC5901ADC1B740035F6F3 /* Build configuration list for PBXNativeTarget "SomaFM" */ = {
			isa = XCConfigurationList;
			buildConfigurations = (
				D3FEC5911ADC1B740035F6F3 /* Debug */,
				D3FEC5921ADC1B740035F6F3 /* Release */,
			);
			defaultConfigurationIsVisible = 0;
		};
		D3FEC5931ADC1B740035F6F3 /* Build configuration list for PBXNativeTarget "SomaFMTests" */ = {
			isa = XCConfigurationList;
			buildConfigurations = (
				D3FEC5941ADC1B740035F6F3 /* Debug */,
				D3FEC5951ADC1B740035F6F3 /* Release */,
			);
			defaultConfigurationIsVisible = 0;
		};
/* End XCConfigurationList section */
	};
	rootObject = D3FEC56B1ADC1B740035F6F3 /* Project object */;
}
